// !$*UTF8*$!
{
	archiveVersion = 1;
	classes = {
	};
	objectVersion = 51;
	objects = {

/* Begin PBXBuildFile section */
		194C0BC0B03103B76880A98C /* Pods_FBLoginDemo.framework in Frameworks */ = {isa = PBXBuildFile; fileRef = 47AE1DCB05B6EA582F56E255 /* Pods_FBLoginDemo.framework */; };
		424EC48022F3F4D30075F525 /* DisplayViewController.swift in Sources */ = {isa = PBXBuildFile; fileRef = 424EC47F22F3F4D30075F525 /* DisplayViewController.swift */; };
		4261BE5422F2A41700131BF6 /* AppDelegate.swift in Sources */ = {isa = PBXBuildFile; fileRef = 4261BE5322F2A41700131BF6 /* AppDelegate.swift */; };
		4261BE5622F2A41700131BF6 /* ViewController.swift in Sources */ = {isa = PBXBuildFile; fileRef = 4261BE5522F2A41700131BF6 /* ViewController.swift */; };
		4261BE5922F2A41700131BF6 /* Main.storyboard in Resources */ = {isa = PBXBuildFile; fileRef = 4261BE5722F2A41700131BF6 /* Main.storyboard */; };
		4261BE5B22F2A41800131BF6 /* Assets.xcassets in Resources */ = {isa = PBXBuildFile; fileRef = 4261BE5A22F2A41800131BF6 /* Assets.xcassets */; };
		4261BE5E22F2A41800131BF6 /* LaunchScreen.storyboard in Resources */ = {isa = PBXBuildFile; fileRef = 4261BE5C22F2A41800131BF6 /* LaunchScreen.storyboard */; };
/* End PBXBuildFile section */

/* Begin PBXFileReference section */
		08AC7F38358E9024AC88B3BD /* Pods-FBLoginDemo.release.xcconfig */ = {isa = PBXFileReference; includeInIndex = 1; lastKnownFileType = text.xcconfig; name = "Pods-FBLoginDemo.release.xcconfig"; path = "Target Support Files/Pods-FBLoginDemo/Pods-FBLoginDemo.release.xcconfig"; sourceTree = "<group>"; };
		424EC47F22F3F4D30075F525 /* DisplayViewController.swift */ = {isa = PBXFileReference; lastKnownFileType = sourcecode.swift; path = DisplayViewController.swift; sourceTree = "<group>"; };
		4261BE5022F2A41700131BF6 /* FBLoginDemo.app */ = {isa = PBXFileReference; explicitFileType = wrapper.application; includeInIndex = 0; path = FBLoginDemo.app; sourceTree = BUILT_PRODUCTS_DIR; };
		4261BE5322F2A41700131BF6 /* AppDelegate.swift */ = {isa = PBXFileReference; lastKnownFileType = sourcecode.swift; path = AppDelegate.swift; sourceTree = "<group>"; };
		4261BE5522F2A41700131BF6 /* ViewController.swift */ = {isa = PBXFileReference; lastKnownFileType = sourcecode.swift; path = ViewController.swift; sourceTree = "<group>"; };
		4261BE5822F2A41700131BF6 /* Base */ = {isa = PBXFileReference; lastKnownFileType = file.storyboard; name = Base; path = Base.lproj/Main.storyboard; sourceTree = "<group>"; };
		4261BE5A22F2A41800131BF6 /* Assets.xcassets */ = {isa = PBXFileReference; lastKnownFileType = folder.assetcatalog; path = Assets.xcassets; sourceTree = "<group>"; };
		4261BE5D22F2A41800131BF6 /* Base */ = {isa = PBXFileReference; lastKnownFileType = file.storyboard; name = Base; path = Base.lproj/LaunchScreen.storyboard; sourceTree = "<group>"; };
		4261BE5F22F2A41800131BF6 /* Info.plist */ = {isa = PBXFileReference; lastKnownFileType = text.plist.xml; path = Info.plist; sourceTree = "<group>"; };
		47AE1DCB05B6EA582F56E255 /* Pods_FBLoginDemo.framework */ = {isa = PBXFileReference; explicitFileType = wrapper.framework; includeInIndex = 0; path = Pods_FBLoginDemo.framework; sourceTree = BUILT_PRODUCTS_DIR; };
		4DAB140E0EB5936BBCB33626 /* Pods-FBLoginDemo.debug.xcconfig */ = {isa = PBXFileReference; includeInIndex = 1; lastKnownFileType = text.xcconfig; name = "Pods-FBLoginDemo.debug.xcconfig"; path = "Target Support Files/Pods-FBLoginDemo/Pods-FBLoginDemo.debug.xcconfig"; sourceTree = "<group>"; };
/* End PBXFileReference section */

/* Begin PBXFrameworksBuildPhase section */
		4261BE4D22F2A41700131BF6 /* Frameworks */ = {
			isa = PBXFrameworksBuildPhase;
			buildActionMask = 2147483647;
			files = (
				194C0BC0B03103B76880A98C /* Pods_FBLoginDemo.framework in Frameworks */,
			);
			runOnlyForDeploymentPostprocessing = 0;
		};
/* End PBXFrameworksBuildPhase section */

/* Begin PBXGroup section */
		4261BE4722F2A41700131BF6 = {
			isa = PBXGroup;
			children = (
				4261BE5222F2A41700131BF6 /* FBLoginDemo */,
				4261BE5122F2A41700131BF6 /* Products */,
				93E1A1BAA7AFC305B8547AB4 /* Pods */,
				C0E725C98C8D61736060E2CD /* Frameworks */,
			);
			sourceTree = "<group>";
		};
		4261BE5122F2A41700131BF6 /* Products */ = {
			isa = PBXGroup;
			children = (
				4261BE5022F2A41700131BF6 /* FBLoginDemo.app */,
			);
			name = Products;
			sourceTree = "<group>";
		};
		4261BE5222F2A41700131BF6 /* FBLoginDemo */ = {
			isa = PBXGroup;
			children = (
				4261BE5322F2A41700131BF6 /* AppDelegate.swift */,
				4261BE5522F2A41700131BF6 /* ViewController.swift */,
				4261BE5722F2A41700131BF6 /* Main.storyboard */,
				4261BE5A22F2A41800131BF6 /* Assets.xcassets */,
				4261BE5C22F2A41800131BF6 /* LaunchScreen.storyboard */,
				4261BE5F22F2A41800131BF6 /* Info.plist */,
				424EC47F22F3F4D30075F525 /* DisplayViewController.swift */,
			);
			path = FBLoginDemo;
			sourceTree = "<group>";
		};
		93E1A1BAA7AFC305B8547AB4 /* Pods */ = {
			isa = PBXGroup;
			children = (
				4DAB140E0EB5936BBCB33626 /* Pods-FBLoginDemo.debug.xcconfig */,
				08AC7F38358E9024AC88B3BD /* Pods-FBLoginDemo.release.xcconfig */,
			);
			path = Pods;
			sourceTree = "<group>";
		};
		C0E725C98C8D61736060E2CD /* Frameworks */ = {
			isa = PBXGroup;
			children = (
				47AE1DCB05B6EA582F56E255 /* Pods_FBLoginDemo.framework */,
			);
			name = Frameworks;
			sourceTree = "<group>";
		};
/* End PBXGroup section */

/* Begin PBXNativeTarget section */
		4261BE4F22F2A41700131BF6 /* FBLoginDemo */ = {
			isa = PBXNativeTarget;
			buildConfigurationList = 4261BE6222F2A41800131BF6 /* Build configuration list for PBXNativeTarget "FBLoginDemo" */;
			buildPhases = (
				74C0E753E8130828FE8A29EE /* [CP] Check Pods Manifest.lock */,
				4261BE4C22F2A41700131BF6 /* Sources */,
				4261BE4D22F2A41700131BF6 /* Frameworks */,
				4261BE4E22F2A41700131BF6 /* Resources */,
				67057DF8604FDC0A9F35C53C /* [CP] Embed Pods Frameworks */,
			);
			buildRules = (
			);
			dependencies = (
			);
			name = FBLoginDemo;
			productName = FBLoginDemo;
			productReference = 4261BE5022F2A41700131BF6 /* FBLoginDemo.app */;
			productType = "com.apple.product-type.application";
		};
/* End PBXNativeTarget section */

/* Begin PBXProject section */
		4261BE4822F2A41700131BF6 /* Project object */ = {
			isa = PBXProject;
			attributes = {
				LastSwiftUpdateCheck = 1020;
				LastUpgradeCheck = 1020;
				ORGANIZATIONNAME = kary;
				TargetAttributes = {
					4261BE4F22F2A41700131BF6 = {
						CreatedOnToolsVersion = 10.2.1;
					};
				};
			};
			buildConfigurationList = 4261BE4B22F2A41700131BF6 /* Build configuration list for PBXProject "FBLoginDemo" */;
			compatibilityVersion = "Xcode 9.3";
			developmentRegion = en;
			hasScannedForEncodings = 0;
			knownRegions = (
				en,
				Base,
			);
			mainGroup = 4261BE4722F2A41700131BF6;
			productRefGroup = 4261BE5122F2A41700131BF6 /* Products */;
			projectDirPath = "";
			projectRoot = "";
			targets = (
				4261BE4F22F2A41700131BF6 /* FBLoginDemo */,
			);
		};
/* End PBXProject section */

/* Begin PBXResourcesBuildPhase section */
		4261BE4E22F2A41700131BF6 /* Resources */ = {
			isa = PBXResourcesBuildPhase;
			buildActionMask = 2147483647;
			files = (
				4261BE5E22F2A41800131BF6 /* LaunchScreen.storyboard in Resources */,
				4261BE5B22F2A41800131BF6 /* Assets.xcassets in Resources */,
				4261BE5922F2A41700131BF6 /* Main.storyboard in Resources */,
			);
			runOnlyForDeploymentPostprocessing = 0;
		};
/* End PBXResourcesBuildPhase section */

/* Begin PBXShellScriptBuildPhase section */
		67057DF8604FDC0A9F35C53C /* [CP] Embed Pods Frameworks */ = {
			isa = PBXShellScriptBuildPhase;
			buildActionMask = 2147483647;
			files = (
			);
			inputFileListPaths = (
				"${PODS_ROOT}/Target Support Files/Pods-FBLoginDemo/Pods-FBLoginDemo-frameworks-${CONFIGURATION}-input-files.xcfilelist",
			);
			name = "[CP] Embed Pods Frameworks";
			outputFileListPaths = (
				"${PODS_ROOT}/Target Support Files/Pods-FBLoginDemo/Pods-FBLoginDemo-frameworks-${CONFIGURATION}-output-files.xcfilelist",
			);
			runOnlyForDeploymentPostprocessing = 0;
			shellPath = /bin/sh;
			shellScript = "\"${PODS_ROOT}/Target Support Files/Pods-FBLoginDemo/Pods-FBLoginDemo-frameworks.sh\"\n";
			showEnvVarsInLog = 0;
		};
		74C0E753E8130828FE8A29EE /* [CP] Check Pods Manifest.lock */ = {
			isa = PBXShellScriptBuildPhase;
			buildActionMask = 2147483647;
			files = (
			);
			inputFileListPaths = (
			);
			inputPaths = (
				"${PODS_PODFILE_DIR_PATH}/Podfile.lock",
				"${PODS_ROOT}/Manifest.lock",
			);
			name = "[CP] Check Pods Manifest.lock";
			outputFileListPaths = (
			);
			outputPaths = (
				"$(DERIVED_FILE_DIR)/Pods-FBLoginDemo-checkManifestLockResult.txt",
			);
			runOnlyForDeploymentPostprocessing = 0;
			shellPath = /bin/sh;
			shellScript = "diff \"${PODS_PODFILE_DIR_PATH}/Podfile.lock\" \"${PODS_ROOT}/Manifest.lock\" > /dev/null\nif [ $? != 0 ] ; then\n    # print error to STDERR\n    echo \"error: The sandbox is not in sync with the Podfile.lock. Run 'pod install' or update your CocoaPods installation.\" >&2\n    exit 1\nfi\n# This output is used by Xcode 'outputs' to avoid re-running this script phase.\necho \"SUCCESS\" > \"${SCRIPT_OUTPUT_FILE_0}\"\n";
			showEnvVarsInLog = 0;
		};
/* End PBXShellScriptBuildPhase section */

/* Begin PBXSourcesBuildPhase section */
		4261BE4C22F2A41700131BF6 /* Sources */ = {
			isa = PBXSourcesBuildPhase;
			buildActionMask = 2147483647;
			files = (
				4261BE5622F2A41700131BF6 /* ViewController.swift in Sources */,
				424EC48022F3F4D30075F525 /* DisplayViewController.swift in Sources */,
				4261BE5422F2A41700131BF6 /* AppDelegate.swift in Sources */,
			);
			runOnlyForDeploymentPostprocessing = 0;
		};
/* End PBXSourcesBuildPhase section */

/* Begin PBXVariantGroup section */
		4261BE5722F2A41700131BF6 /* Main.storyboard */ = {
			isa = PBXVariantGroup;
			children = (
				4261BE5822F2A41700131BF6 /* Base */,
			);
			name = Main.storyboard;
			sourceTree = "<group>";
		};
		4261BE5C22F2A41800131BF6 /* LaunchScreen.storyboard */ = {
			isa = PBXVariantGroup;
			children = (
				4261BE5D22F2A41800131BF6 /* Base */,
			);
			name = LaunchScreen.storyboard;
			sourceTree = "<group>";
		};
/* End PBXVariantGroup section */

/* Begin XCBuildConfiguration section */
		4261BE6022F2A41800131BF6 /* Debug */ = {
			isa = XCBuildConfiguration;
			buildSettings = {
				ALWAYS_SEARCH_USER_PATHS = NO;
				CLANG_ANALYZER_NONNULL = YES;
				CLANG_ANALYZER_NUMBER_OBJECT_CONVERSION = YES_AGGRESSIVE;
				CLANG_CXX_LANGUAGE_STANDARD = "gnu++14";
				CLANG_CXX_LIBRARY = "libc++";
				CLANG_ENABLE_MODULES = YES;
				CLANG_ENABLE_OBJC_ARC = YES;
				CLANG_ENABLE_OBJC_WEAK = YES;
				CLANG_WARN_BLOCK_CAPTURE_AUTORELEASING = YES;
				CLANG_WARN_BOOL_CONVERSION = YES;
				CLANG_WARN_COMMA = YES;
				CLANG_WARN_CONSTANT_CONVERSION = YES;
				CLANG_WARN_DEPRECATED_OBJC_IMPLEMENTATIONS = YES;
				CLANG_WARN_DIRECT_OBJC_ISA_USAGE = YES_ERROR;
				CLANG_WARN_DOCUMENTATION_COMMENTS = YES;
				CLANG_WARN_EMPTY_BODY = YES;
				CLANG_WARN_ENUM_CONVERSION = YES;
				CLANG_WARN_INFINITE_RECURSION = YES;
				CLANG_WARN_INT_CONVERSION = YES;
				CLANG_WARN_NON_LITERAL_NULL_CONVERSION = YES;
				CLANG_WARN_OBJC_IMPLICIT_RETAIN_SELF = YES;
				CLANG_WARN_OBJC_LITERAL_CONVERSION = YES;
				CLANG_WARN_OBJC_ROOT_CLASS = YES_ERROR;
				CLANG_WARN_RANGE_LOOP_ANALYSIS = YES;
				CLANG_WARN_STRICT_PROTOTYPES = YES;
				CLANG_WARN_SUSPICIOUS_MOVE = YES;
				CLANG_WARN_UNGUARDED_AVAILABILITY = YES_AGGRESSIVE;
				CLANG_WARN_UNREACHABLE_CODE = YES;
				CLANG_WARN__DUPLICATE_METHOD_MATCH = YES;
				CODE_SIGN_IDENTITY = "iPhone Developer";
				COPY_PHASE_STRIP = NO;
				DEBUG_INFORMATION_FORMAT = dwarf;
				ENABLE_STRICT_OBJC_MSGSEND = YES;
				ENABLE_TESTABILITY = YES;
				GCC_C_LANGUAGE_STANDARD = gnu11;
				GCC_DYNAMIC_NO_PIC = NO;
				GCC_NO_COMMON_BLOCKS = YES;
				GCC_OPTIMIZATION_LEVEL = 0;
				GCC_PREPROCESSOR_DEFINITIONS = (
					"DEBUG=1",
					"$(inherited)",
				);
				GCC_WARN_64_TO_32_BIT_CONVERSION = YES;
				GCC_WARN_ABOUT_RETURN_TYPE = YES_ERROR;
				GCC_WARN_UNDECLARED_SELECTOR = YES;
				GCC_WARN_UNINITIALIZED_AUTOS = YES_AGGRESSIVE;
				GCC_WARN_UNUSED_FUNCTION = YES;
				GCC_WARN_UNUSED_VARIABLE = YES;
				IPHONEOS_DEPLOYMENT_TARGET = 12.2;
				MTL_ENABLE_DEBUG_INFO = INCLUDE_SOURCE;
				MTL_FAST_MATH = YES;
				ONLY_ACTIVE_ARCH = YES;
				SDKROOT = iphoneos;
				SWIFT_ACTIVE_COMPILATION_CONDITIONS = DEBUG;
				SWIFT_OPTIMIZATION_LEVEL = "-Onone";
			};
			name = Debug;
		};
		4261BE6122F2A41800131BF6 /* Release */ = {
			isa = XCBuildConfiguration;
			buildSettings = {
				ALWAYS_SEARCH_USER_PATHS = NO;
				CLANG_ANALYZER_NONNULL = YES;
				CLANG_ANALYZER_NUMBER_OBJECT_CONVERSION = YES_AGGRESSIVE;
				CLANG_CXX_LANGUAGE_STANDARD = "gnu++14";
				CLANG_CXX_LIBRARY = "libc++";
				CLANG_ENABLE_MODULES = YES;
				CLANG_ENABLE_OBJC_ARC = YES;
				CLANG_ENABLE_OBJC_WEAK = YES;
				CLANG_WARN_BLOCK_CAPTURE_AUTORELEASING = YES;
				CLANG_WARN_BOOL_CONVERSION = YES;
				CLANG_WARN_COMMA = YES;
				CLANG_WARN_CONSTANT_CONVERSION = YES;
				CLANG_WARN_DEPRECATED_OBJC_IMPLEMENTATIONS = YES;
				CLANG_WARN_DIRECT_OBJC_ISA_USAGE = YES_ERROR;
				CLANG_WARN_DOCUMENTATION_COMMENTS = YES;
				CLANG_WARN_EMPTY_BODY = YES;
				CLANG_WARN_ENUM_CONVERSION = YES;
				CLANG_WARN_INFINITE_RECURSION = YES;
				CLANG_WARN_INT_CONVERSION = YES;
				CLANG_WARN_NON_LITERAL_NULL_CONVERSION = YES;
				CLANG_WARN_OBJC_IMPLICIT_RETAIN_SELF = YES;
				CLANG_WARN_OBJC_LITERAL_CONVERSION = YES;
				CLANG_WARN_OBJC_ROOT_CLASS = YES_ERROR;
				CLANG_WARN_RANGE_LOOP_ANALYSIS = YES;
				CLANG_WARN_STRICT_PROTOTYPES = YES;
				CLANG_WARN_SUSPICIOUS_MOVE = YES;
				CLANG_WARN_UNGUARDED_AVAILABILITY = YES_AGGRESSIVE;
				CLANG_WARN_UNREACHABLE_CODE = YES;
				CLANG_WARN__DUPLICATE_METHOD_MATCH = YES;
				CODE_SIGN_IDENTITY = "iPhone Developer";
				COPY_PHASE_STRIP = NO;
				DEBUG_INFORMATION_FORMAT = "dwarf-with-dsym";
				ENABLE_NS_ASSERTIONS = NO;
				ENABLE_STRICT_OBJC_MSGSEND = YES;
				GCC_C_LANGUAGE_STANDARD = gnu11;
				GCC_NO_COMMON_BLOCKS = YES;
				GCC_WARN_64_TO_32_BIT_CONVERSION = YES;
				GCC_WARN_ABOUT_RETURN_TYPE = YES_ERROR;
				GCC_WARN_UNDECLARED_SELECTOR = YES;
				GCC_WARN_UNINITIALIZED_AUTOS = YES_AGGRESSIVE;
				GCC_WARN_UNUSED_FUNCTION = YES;
				GCC_WARN_UNUSED_VARIABLE = YES;
				IPHONEOS_DEPLOYMENT_TARGET = 12.2;
				MTL_ENABLE_DEBUG_INFO = NO;
				MTL_FAST_MATH = YES;
				SDKROOT = iphoneos;
				SWIFT_COMPILATION_MODE = wholemodule;
				SWIFT_OPTIMIZATION_LEVEL = "-O";
				VALIDATE_PRODUCT = YES;
			};
			name = Release;
		};
		4261BE6322F2A41800131BF6 /* Debug */ = {
			isa = XCBuildConfiguration;
			baseConfigurationReference = 4DAB140E0EB5936BBCB33626 /* Pods-FBLoginDemo.debug.xcconfig */;
			buildSettings = {
				ASSETCATALOG_COMPILER_APPICON_NAME = AppIcon;
				CODE_SIGN_STYLE = Automatic;
				DEVELOPMENT_TEAM = 93LYCB54H7;
				INFOPLIST_FILE = FBLoginDemo/Info.plist;
				LD_RUNPATH_SEARCH_PATHS = (
					"$(inherited)",
					"@executable_path/Frameworks",
				);
				OTHER_LDFLAGS = (
					"$(inherited)",
					"\"-ObjC\"",
					"-l\"z\"",
					"-framework",
					"\"FBSDKCoreKit\"",
					"-framework",
					"\"FBSDKLoginKit\"",
					"-weak_framework",
					"\"Accounts\"",
					"-weak_framework",
					"\"AudioToolbox\"",
					"-weak_framework",
					"\"CoreGraphics\"",
					"-weak_framework",
					"\"CoreLocation\"",
					"-weak_framework",
					"\"Foundation\"",
					"-weak_framework",
					"\"QuartzCore\"",
					"-weak_framework",
					"\"Security\"",
					"-weak_framework",
					"\"Social\"",
					"-weak_framework",
					"\"UIKit\"",
				);
				PRODUCT_BUNDLE_IDENTIFIER = www.kary.FBLoginDemo;
				PRODUCT_NAME = "$(TARGET_NAME)";
				SWIFT_VERSION = 5.0;
				TARGETED_DEVICE_FAMILY = "1,2";
			};
			name = Debug;
		};
		4261BE6422F2A41800131BF6 /* Release */ = {
			isa = XCBuildConfiguration;
			baseConfigurationReference = 08AC7F38358E9024AC88B3BD /* Pods-FBLoginDemo.release.xcconfig */;
			buildSettings = {
				ASSETCATALOG_COMPILER_APPICON_NAME = AppIcon;
				CODE_SIGN_STYLE = Automatic;
				DEVELOPMENT_TEAM = 93LYCB54H7;
				INFOPLIST_FILE = FBLoginDemo/Info.plist;
				LD_RUNPATH_SEARCH_PATHS = (
					"$(inherited)",
					"@executable_path/Frameworks",
				);
				OTHER_LDFLAGS = (
					"$(inherited)",
					"\"-ObjC\"",
					"-l\"z\"",
					"-framework",
					"\"FBSDKCoreKit\"",
					"-framework",
					"\"FBSDKLoginKit\"",
					"-weak_framework",
					"\"Accounts\"",
					"-weak_framework",
					"\"AudioToolbox\"",
					"-weak_framework",
					"\"CoreGraphics\"",
					"-weak_framework",
					"\"CoreLocation\"",
					"-weak_framework",
					"\"Foundation\"",
					"-weak_framework",
					"\"QuartzCore\"",
					"-weak_framework",
					"\"Security\"",
					"-weak_framework",
					"\"Social\"",
					"-weak_framework",
					"\"UIKit\"",
				);
				PRODUCT_BUNDLE_IDENTIFIER = www.kary.FBLoginDemo;
				PRODUCT_NAME = "$(TARGET_NAME)";
				SWIFT_VERSION = 5.0;
				TARGETED_DEVICE_FAMILY = "1,2";
			};
			name = Release;
		};
/* End XCBuildConfiguration section */

/* Begin XCConfigurationList section */
		4261BE4B22F2A41700131BF6 /* Build configuration list for PBXProject "FBLoginDemo" */ = {
			isa = XCConfigurationList;
			buildConfigurations = (
				4261BE6022F2A41800131BF6 /* Debug */,
				4261BE6122F2A41800131BF6 /* Release */,
			);
			defaultConfigurationIsVisible = 0;
			defaultConfigurationName = Release;
		};
		4261BE6222F2A41800131BF6 /* Build configuration list for PBXNativeTarget "FBLoginDemo" */ = {
			isa = XCConfigurationList;
			buildConfigurations = (
				4261BE6322F2A41800131BF6 /* Debug */,
				4261BE6422F2A41800131BF6 /* Release */,
			);
			defaultConfigurationIsVisible = 0;
			defaultConfigurationName = Release;
		};
/* End XCConfigurationList section */
	};
	rootObject = 4261BE4822F2A41700131BF6 /* Project object */;
}
